
Microsoft Visual Studio Solution File, Format Version 12.00
# Visual Studio Version 17
VisualStudioVersion = 17.12.35506.116 d17.12
MinimumVisualStudioVersion = 10.0.40219.1
Project("{FAE04EC0-301F-11D3-BF4B-00C04F79EFBC}") = "Municipality", "Municipality\Municipality.csproj", "{3BE94A47-0E6C-4AC3-84F9-A0F0B70A79BA}"
EndProject
Global
	GlobalSection(SolutionConfigurationPlatforms) = preSolution
		Debug|Any CPU = Debug|Any CPU
		Release|Any CPU = Release|Any CPU
	EndGlobalSection
	GlobalSection(ProjectConfigurationPlatforms) = postSolution
		{3BE94A47-0E6C-4AC3-84F9-A0F0B70A79BA}.Debug|Any CPU.ActiveCfg = Debug|Any CPU
		{3BE94A47-0E6C-4AC3-84F9-A0F0B70A79BA}.Debug|Any CPU.Build.0 = Debug|Any CPU
		{3BE94A47-0E6C-4AC3-84F9-A0F0B70A79BA}.Release|Any CPU.ActiveCfg = Release|Any CPU
		{3BE94A47-0E6C-4AC3-84F9-A0F0B70A79BA}.Release|Any CPU.Build.0 = Release|Any CPU
	EndGlobalSection
	GlobalSection(SolutionProperties) = preSolution
		HideSolutionNode = FALSE
	EndGlobalSection
EndGlobal
